
Microsoft Visual Studio Solution File, Format Version 12.00
# Visual Studio 15
VisualStudioVersion = 15.0.28307.489
MinimumVisualStudioVersion = 10.0.40219.1
Project("{FAE04EC0-301F-11D3-BF4B-00C04F79EFBC}") = "StreamParserAPI", "StreamParserAPI\StreamParserAPI.csproj", "{2DD14D9E-4F34-48F6-8CBE-D8BCD8FEE615}"
EndProject
Project("{FAE04EC0-301F-11D3-BF4B-00C04F79EFBC}") = "StreamParserAPI.Tests", "StreamParserAPI.Tests\StreamParserAPI.Tests.csproj", "{63E0107D-DAD7-46FA-B304-DD0D5A0B70E6}"
EndProject
Project("{FAE04EC0-301F-11D3-BF4B-00C04F79EFBC}") = "StreamParser.Models", "StreamParser.Models\StreamParser.Models.csproj", "{C362FA48-C6F3-4F1D-9A40-5D46F16E1D30}"
EndProject
Project("{FAE04EC0-301F-11D3-BF4B-00C04F79EFBC}") = "StreamParser.Services", "StreamParser.Services\StreamParser.Services.csproj", "{231D0A04-5EEB-48CA-836A-3162068272BE}"
EndProject
Global
	GlobalSection(SolutionConfigurationPlatforms) = preSolution
		Debug|Any CPU = Debug|Any CPU
		Release|Any CPU = Release|Any CPU
	EndGlobalSection
	GlobalSection(ProjectConfigurationPlatforms) = postSolution
		{2DD14D9E-4F34-48F6-8CBE-D8BCD8FEE615}.Debug|Any CPU.ActiveCfg = Debug|Any CPU
		{2DD14D9E-4F34-48F6-8CBE-D8BCD8FEE615}.Debug|Any CPU.Build.0 = Debug|Any CPU
		{2DD14D9E-4F34-48F6-8CBE-D8BCD8FEE615}.Release|Any CPU.ActiveCfg = Release|Any CPU
		{2DD14D9E-4F34-48F6-8CBE-D8BCD8FEE615}.Release|Any CPU.Build.0 = Release|Any CPU
		{63E0107D-DAD7-46FA-B304-DD0D5A0B70E6}.Debug|Any CPU.ActiveCfg = Debug|Any CPU
		{63E0107D-DAD7-46FA-B304-DD0D5A0B70E6}.Debug|Any CPU.Build.0 = Debug|Any CPU
		{63E0107D-DAD7-46FA-B304-DD0D5A0B70E6}.Release|Any CPU.ActiveCfg = Release|Any CPU
		{63E0107D-DAD7-46FA-B304-DD0D5A0B70E6}.Release|Any CPU.Build.0 = Release|Any CPU
		{C362FA48-C6F3-4F1D-9A40-5D46F16E1D30}.Debug|Any CPU.ActiveCfg = Debug|Any CPU
		{C362FA48-C6F3-4F1D-9A40-5D46F16E1D30}.Debug|Any CPU.Build.0 = Debug|Any CPU
		{C362FA48-C6F3-4F1D-9A40-5D46F16E1D30}.Release|Any CPU.ActiveCfg = Release|Any CPU
		{C362FA48-C6F3-4F1D-9A40-5D46F16E1D30}.Release|Any CPU.Build.0 = Release|Any CPU
		{231D0A04-5EEB-48CA-836A-3162068272BE}.Debug|Any CPU.ActiveCfg = Debug|Any CPU
		{231D0A04-5EEB-48CA-836A-3162068272BE}.Debug|Any CPU.Build.0 = Debug|Any CPU
		{231D0A04-5EEB-48CA-836A-3162068272BE}.Release|Any CPU.ActiveCfg = Release|Any CPU
		{231D0A04-5EEB-48CA-836A-3162068272BE}.Release|Any CPU.Build.0 = Release|Any CPU
	EndGlobalSection
	GlobalSection(SolutionProperties) = preSolution
		HideSolutionNode = FALSE
	EndGlobalSection
	GlobalSection(ExtensibilityGlobals) = postSolution
		SolutionGuid = {5E073DE2-8E7A-472B-A79F-3895535F1814}
	EndGlobalSection
EndGlobal
